// !$*UTF8*$!
{
	archiveVersion = 1;
	classes = {
	};
	objectVersion = 56;
	objects = {

/* Begin PBXBuildFile section */
		EA1973A82A9E3CE90058117A /* AppDelegate.swift in Sources */ = {isa = PBXBuildFile; fileRef = EA1973A72A9E3CE90058117A /* AppDelegate.swift */; };
		EA1973AA2A9E3CE90058117A /* SceneDelegate.swift in Sources */ = {isa = PBXBuildFile; fileRef = EA1973A92A9E3CE90058117A /* SceneDelegate.swift */; };
		EA1973AC2A9E3CE90058117A /* ViewController.swift in Sources */ = {isa = PBXBuildFile; fileRef = EA1973AB2A9E3CE90058117A /* ViewController.swift */; };
		EA1973AF2A9E3CE90058117A /* Main.storyboard in Resources */ = {isa = PBXBuildFile; fileRef = EA1973AD2A9E3CE90058117A /* Main.storyboard */; };
		EA1973B12A9E3CEA0058117A /* Assets.xcassets in Resources */ = {isa = PBXBuildFile; fileRef = EA1973B02A9E3CEA0058117A /* Assets.xcassets */; };
		EA1973B42A9E3CEA0058117A /* LaunchScreen.storyboard in Resources */ = {isa = PBXBuildFile; fileRef = EA1973B22A9E3CEA0058117A /* LaunchScreen.storyboard */; };
		EA1973BF2A9E3CEB0058117A /* TodoTests.swift in Sources */ = {isa = PBXBuildFile; fileRef = EA1973BE2A9E3CEB0058117A /* TodoTests.swift */; };
		EA1973C92A9E3CEB0058117A /* TodoUITests.swift in Sources */ = {isa = PBXBuildFile; fileRef = EA1973C82A9E3CEB0058117A /* TodoUITests.swift */; };
		EA1973CB2A9E3CEB0058117A /* TodoUITestsLaunchTests.swift in Sources */ = {isa = PBXBuildFile; fileRef = EA1973CA2A9E3CEB0058117A /* TodoUITestsLaunchTests.swift */; };
/* End PBXBuildFile section */

/* Begin PBXContainerItemProxy section */
		EA1973BB2A9E3CEB0058117A /* PBXContainerItemProxy */ = {
			isa = PBXContainerItemProxy;
			containerPortal = EA19739C2A9E3CE90058117A /* Project object */;
			proxyType = 1;
			remoteGlobalIDString = EA1973A32A9E3CE90058117A;
			remoteInfo = Todo;
		};
		EA1973C52A9E3CEB0058117A /* PBXContainerItemProxy */ = {
			isa = PBXContainerItemProxy;
			containerPortal = EA19739C2A9E3CE90058117A /* Project object */;
			proxyType = 1;
			remoteGlobalIDString = EA1973A32A9E3CE90058117A;
			remoteInfo = Todo;
		};
/* End PBXContainerItemProxy section */

/* Begin PBXFileReference section */
		EA1973A42A9E3CE90058117A /* Todo.app */ = {isa = PBXFileReference; explicitFileType = wrapper.application; includeInIndex = 0; path = Todo.app; sourceTree = BUILT_PRODUCTS_DIR; };
		EA1973A72A9E3CE90058117A /* AppDelegate.swift */ = {isa = PBXFileReference; lastKnownFileType = sourcecode.swift; path = AppDelegate.swift; sourceTree = "<group>"; };
		EA1973A92A9E3CE90058117A /* SceneDelegate.swift */ = {isa = PBXFileReference; lastKnownFileType = sourcecode.swift; path = SceneDelegate.swift; sourceTree = "<group>"; };
		EA1973AB2A9E3CE90058117A /* ViewController.swift */ = {isa = PBXFileReference; lastKnownFileType = sourcecode.swift; path = ViewController.swift; sourceTree = "<group>"; };
		EA1973AE2A9E3CE90058117A /* Base */ = {isa = PBXFileReference; lastKnownFileType = file.storyboard; name = Base; path = Base.lproj/Main.storyboard; sourceTree = "<group>"; };
		EA1973B02A9E3CEA0058117A /* Assets.xcassets */ = {isa = PBXFileReference; lastKnownFileType = folder.assetcatalog; path = Assets.xcassets; sourceTree = "<group>"; };
		EA1973B32A9E3CEA0058117A /* Base */ = {isa = PBXFileReference; lastKnownFileType = file.storyboard; name = Base; path = Base.lproj/LaunchScreen.storyboard; sourceTree = "<group>"; };
		EA1973B52A9E3CEA0058117A /* Info.plist */ = {isa = PBXFileReference; lastKnownFileType = text.plist.xml; path = Info.plist; sourceTree = "<group>"; };
		EA1973BA2A9E3CEB0058117A /* TodoTests.xctest */ = {isa = PBXFileReference; explicitFileType = wrapper.cfbundle; includeInIndex = 0; path = TodoTests.xctest; sourceTree = BUILT_PRODUCTS_DIR; };
		EA1973BE2A9E3CEB0058117A /* TodoTests.swift */ = {isa = PBXFileReference; lastKnownFileType = sourcecode.swift; path = TodoTests.swift; sourceTree = "<group>"; };
		EA1973C42A9E3CEB0058117A /* TodoUITests.xctest */ = {isa = PBXFileReference; explicitFileType = wrapper.cfbundle; includeInIndex = 0; path = TodoUITests.xctest; sourceTree = BUILT_PRODUCTS_DIR; };
		EA1973C82A9E3CEB0058117A /* TodoUITests.swift */ = {isa = PBXFileReference; lastKnownFileType = sourcecode.swift; path = TodoUITests.swift; sourceTree = "<group>"; };
		EA1973CA2A9E3CEB0058117A /* TodoUITestsLaunchTests.swift */ = {isa = PBXFileReference; lastKnownFileType = sourcecode.swift; path = TodoUITestsLaunchTests.swift; sourceTree = "<group>"; };
/* End PBXFileReference section */

/* Begin PBXFrameworksBuildPhase section */
		EA1973A12A9E3CE90058117A /* Frameworks */ = {
			isa = PBXFrameworksBuildPhase;
			buildActionMask = 2147483647;
			files = (
			);
			runOnlyForDeploymentPostprocessing = 0;
		};
		EA1973B72A9E3CEB0058117A /* Frameworks */ = {
			isa = PBXFrameworksBuildPhase;
			buildActionMask = 2147483647;
			files = (
			);
			runOnlyForDeploymentPostprocessing = 0;
		};
		EA1973C12A9E3CEB0058117A /* Frameworks */ = {
			isa = PBXFrameworksBuildPhase;
			buildActionMask = 2147483647;
			files = (
			);
			runOnlyForDeploymentPostprocessing = 0;
		};
/* End PBXFrameworksBuildPhase section */

/* Begin PBXGroup section */
		EA19739B2A9E3CE90058117A = {
			isa = PBXGroup;
			children = (
				EA1973A62A9E3CE90058117A /* Todo */,
				EA1973BD2A9E3CEB0058117A /* TodoTests */,
				EA1973C72A9E3CEB0058117A /* TodoUITests */,
				EA1973A52A9E3CE90058117A /* Products */,
			);
			sourceTree = "<group>";
		};
		EA1973A52A9E3CE90058117A /* Products */ = {
			isa = PBXGroup;
			children = (
				EA1973A42A9E3CE90058117A /* Todo.app */,
				EA1973BA2A9E3CEB0058117A /* TodoTests.xctest */,
				EA1973C42A9E3CEB0058117A /* TodoUITests.xctest */,
			);
			name = Products;
			sourceTree = "<group>";
		};
		EA1973A62A9E3CE90058117A /* Todo */ = {
			isa = PBXGroup;
			children = (
				EA1973A72A9E3CE90058117A /* AppDelegate.swift */,
				EA1973A92A9E3CE90058117A /* SceneDelegate.swift */,
				EA1973AB2A9E3CE90058117A /* ViewController.swift */,
				EA1973AD2A9E3CE90058117A /* Main.storyboard */,
				EA1973B02A9E3CEA0058117A /* Assets.xcassets */,
				EA1973B22A9E3CEA0058117A /* LaunchScreen.storyboard */,
				EA1973B52A9E3CEA0058117A /* Info.plist */,
			);
			path = Todo;
			sourceTree = "<group>";
		};
		EA1973BD2A9E3CEB0058117A /* TodoTests */ = {
			isa = PBXGroup;
			children = (
				EA1973BE2A9E3CEB0058117A /* TodoTests.swift */,
			);
			path = TodoTests;
			sourceTree = "<group>";
		};
		EA1973C72A9E3CEB0058117A /* TodoUITests */ = {
			isa = PBXGroup;
			children = (
				EA1973C82A9E3CEB0058117A /* TodoUITests.swift */,
				EA1973CA2A9E3CEB0058117A /* TodoUITestsLaunchTests.swift */,
			);
			path = TodoUITests;
			sourceTree = "<group>";
		};
/* End PBXGroup section */

/* Begin PBXNativeTarget section */
		EA1973A32A9E3CE90058117A /* Todo */ = {
			isa = PBXNativeTarget;
			buildConfigurationList = EA1973CE2A9E3CEB0058117A /* Build configuration list for PBXNativeTarget "Todo" */;
			buildPhases = (
				EA1973A02A9E3CE90058117A /* Sources */,
				EA1973A12A9E3CE90058117A /* Frameworks */,
				EA1973A22A9E3CE90058117A /* Resources */,
			);
			buildRules = (
			);
			dependencies = (
			);
			name = Todo;
			productName = Todo;
			productReference = EA1973A42A9E3CE90058117A /* Todo.app */;
			productType = "com.apple.product-type.application";
		};
		EA1973B92A9E3CEB0058117A /* TodoTests */ = {
			isa = PBXNativeTarget;
			buildConfigurationList = EA1973D12A9E3CEB0058117A /* Build configuration list for PBXNativeTarget "TodoTests" */;
			buildPhases = (
				EA1973B62A9E3CEB0058117A /* Sources */,
				EA1973B72A9E3CEB0058117A /* Frameworks */,
				EA1973B82A9E3CEB0058117A /* Resources */,
			);
			buildRules = (
			);
			dependencies = (
				EA1973BC2A9E3CEB0058117A /* PBXTargetDependency */,
			);
			name = TodoTests;
			productName = TodoTests;
			productReference = EA1973BA2A9E3CEB0058117A /* TodoTests.xctest */;
			productType = "com.apple.product-type.bundle.unit-test";
		};
		EA1973C32A9E3CEB0058117A /* TodoUITests */ = {
			isa = PBXNativeTarget;
			buildConfigurationList = EA1973D42A9E3CEB0058117A /* Build configuration list for PBXNativeTarget "TodoUITests" */;
			buildPhases = (
				EA1973C02A9E3CEB0058117A /* Sources */,
				EA1973C12A9E3CEB0058117A /* Frameworks */,
				EA1973C22A9E3CEB0058117A /* Resources */,
			);
			buildRules = (
			);
			dependencies = (
				EA1973C62A9E3CEB0058117A /* PBXTargetDependency */,
			);
			name = TodoUITests;
			productName = TodoUITests;
			productReference = EA1973C42A9E3CEB0058117A /* TodoUITests.xctest */;
			productType = "com.apple.product-type.bundle.ui-testing";
		};
/* End PBXNativeTarget section */

/* Begin PBXProject section */
		EA19739C2A9E3CE90058117A /* Project object */ = {
			isa = PBXProject;
			attributes = {
				BuildIndependentTargetsInParallel = 1;
				LastSwiftUpdateCheck = 1430;
				LastUpgradeCheck = 1430;
				TargetAttributes = {
					EA1973A32A9E3CE90058117A = {
						CreatedOnToolsVersion = 14.3.1;
					};
					EA1973B92A9E3CEB0058117A = {
						CreatedOnToolsVersion = 14.3.1;
						TestTargetID = EA1973A32A9E3CE90058117A;
					};
					EA1973C32A9E3CEB0058117A = {
						CreatedOnToolsVersion = 14.3.1;
						TestTargetID = EA1973A32A9E3CE90058117A;
					};
				};
			};
			buildConfigurationList = EA19739F2A9E3CE90058117A /* Build configuration list for PBXProject "Todo" */;
			compatibilityVersion = "Xcode 14.0";
			developmentRegion = en;
			hasScannedForEncodings = 0;
			knownRegions = (
				en,
				Base,
			);
			mainGroup = EA19739B2A9E3CE90058117A;
			productRefGroup = EA1973A52A9E3CE90058117A /* Products */;
			projectDirPath = "";
			projectRoot = "";
			targets = (
				EA1973A32A9E3CE90058117A /* Todo */,
				EA1973B92A9E3CEB0058117A /* TodoTests */,
				EA1973C32A9E3CEB0058117A /* TodoUITests */,
			);
		};
/* End PBXProject section */

/* Begin PBXResourcesBuildPhase section */
		EA1973A22A9E3CE90058117A /* Resources */ = {
			isa = PBXResourcesBuildPhase;
			buildActionMask = 2147483647;
			files = (
				EA1973B42A9E3CEA0058117A /* LaunchScreen.storyboard in Resources */,
				EA1973B12A9E3CEA0058117A /* Assets.xcassets in Resources */,
				EA1973AF2A9E3CE90058117A /* Main.storyboard in Resources */,
			);
			runOnlyForDeploymentPostprocessing = 0;
		};
		EA1973B82A9E3CEB0058117A /* Resources */ = {
			isa = PBXResourcesBuildPhase;
			buildActionMask = 2147483647;
			files = (
			);
			runOnlyForDeploymentPostprocessing = 0;
		};
		EA1973C22A9E3CEB0058117A /* Resources */ = {
			isa = PBXResourcesBuildPhase;
			buildActionMask = 2147483647;
			files = (
			);
			runOnlyForDeploymentPostprocessing = 0;
		};
/* End PBXResourcesBuildPhase section */

/* Begin PBXSourcesBuildPhase section */
		EA1973A02A9E3CE90058117A /* Sources */ = {
			isa = PBXSourcesBuildPhase;
			buildActionMask = 2147483647;
			files = (
				EA1973AC2A9E3CE90058117A /* ViewController.swift in Sources */,
				EA1973A82A9E3CE90058117A /* AppDelegate.swift in Sources */,
				EA1973AA2A9E3CE90058117A /* SceneDelegate.swift in Sources */,
			);
			runOnlyForDeploymentPostprocessing = 0;
		};
		EA1973B62A9E3CEB0058117A /* Sources */ = {
			isa = PBXSourcesBuildPhase;
			buildActionMask = 2147483647;
			files = (
				EA1973BF2A9E3CEB0058117A /* TodoTests.swift in Sources */,
			);
			runOnlyForDeploymentPostprocessing = 0;
		};
		EA1973C02A9E3CEB0058117A /* Sources */ = {
			isa = PBXSourcesBuildPhase;
			buildActionMask = 2147483647;
			files = (
				EA1973CB2A9E3CEB0058117A /* TodoUITestsLaunchTests.swift in Sources */,
				EA1973C92A9E3CEB0058117A /* TodoUITests.swift in Sources */,
			);
			runOnlyForDeploymentPostprocessing = 0;
		};
/* End PBXSourcesBuildPhase section */

/* Begin PBXTargetDependency section */
		EA1973BC2A9E3CEB0058117A /* PBXTargetDependency */ = {
			isa = PBXTargetDependency;
			target = EA1973A32A9E3CE90058117A /* Todo */;
			targetProxy = EA1973BB2A9E3CEB0058117A /* PBXContainerItemProxy */;
		};
		EA1973C62A9E3CEB0058117A /* PBXTargetDependency */ = {
			isa = PBXTargetDependency;
			target = EA1973A32A9E3CE90058117A /* Todo */;
			targetProxy = EA1973C52A9E3CEB0058117A /* PBXContainerItemProxy */;
		};
/* End PBXTargetDependency section */

/* Begin PBXVariantGroup section */
		EA1973AD2A9E3CE90058117A /* Main.storyboard */ = {
			isa = PBXVariantGroup;
			children = (
				EA1973AE2A9E3CE90058117A /* Base */,
			);
			name = Main.storyboard;
			sourceTree = "<group>";
		};
		EA1973B22A9E3CEA0058117A /* LaunchScreen.storyboard */ = {
			isa = PBXVariantGroup;
			children = (
				EA1973B32A9E3CEA0058117A /* Base */,
			);
			name = LaunchScreen.storyboard;
			sourceTree = "<group>";
		};
/* End PBXVariantGroup section */

/* Begin XCBuildConfiguration section */
		EA1973CC2A9E3CEB0058117A /* Debug */ = {
			isa = XCBuildConfiguration;
			buildSettings = {
				ALWAYS_SEARCH_USER_PATHS = NO;
				CLANG_ANALYZER_NONNULL = YES;
				CLANG_ANALYZER_NUMBER_OBJECT_CONVERSION = YES_AGGRESSIVE;
				CLANG_CXX_LANGUAGE_STANDARD = "gnu++20";
				CLANG_ENABLE_MODULES = YES;
				CLANG_ENABLE_OBJC_ARC = YES;
				CLANG_ENABLE_OBJC_WEAK = YES;
				CLANG_WARN_BLOCK_CAPTURE_AUTORELEASING = YES;
				CLANG_WARN_BOOL_CONVERSION = YES;
				CLANG_WARN_COMMA = YES;
				CLANG_WARN_CONSTANT_CONVERSION = YES;
				CLANG_WARN_DEPRECATED_OBJC_IMPLEMENTATIONS = YES;
				CLANG_WARN_DIRECT_OBJC_ISA_USAGE = YES_ERROR;
				CLANG_WARN_DOCUMENTATION_COMMENTS = YES;
				CLANG_WARN_EMPTY_BODY = YES;
				CLANG_WARN_ENUM_CONVERSION = YES;
				CLANG_WARN_INFINITE_RECURSION = YES;
				CLANG_WARN_INT_CONVERSION = YES;
				CLANG_WARN_NON_LITERAL_NULL_CONVERSION = YES;
				CLANG_WARN_OBJC_IMPLICIT_RETAIN_SELF = YES;
				CLANG_WARN_OBJC_LITERAL_CONVERSION = YES;
				CLANG_WARN_OBJC_ROOT_CLASS = YES_ERROR;
				CLANG_WARN_QUOTED_INCLUDE_IN_FRAMEWORK_HEADER = YES;
				CLANG_WARN_RANGE_LOOP_ANALYSIS = YES;
				CLANG_WARN_STRICT_PROTOTYPES = YES;
				CLANG_WARN_SUSPICIOUS_MOVE = YES;
				CLANG_WARN_UNGUARDED_AVAILABILITY = YES_AGGRESSIVE;
				CLANG_WARN_UNREACHABLE_CODE = YES;
				CLANG_WARN__DUPLICATE_METHOD_MATCH = YES;
				COPY_PHASE_STRIP = NO;
				DEBUG_INFORMATION_FORMAT = dwarf;
				ENABLE_STRICT_OBJC_MSGSEND = YES;
				ENABLE_TESTABILITY = YES;
				GCC_C_LANGUAGE_STANDARD = gnu11;
				GCC_DYNAMIC_NO_PIC = NO;
				GCC_NO_COMMON_BLOCKS = YES;
				GCC_OPTIMIZATION_LEVEL = 0;
				GCC_PREPROCESSOR_DEFINITIONS = (
					"DEBUG=1",
					"$(inherited)",
				);
				GCC_WARN_64_TO_32_BIT_CONVERSION = YES;
				GCC_WARN_ABOUT_RETURN_TYPE = YES_ERROR;
				GCC_WARN_UNDECLARED_SELECTOR = YES;
				GCC_WARN_UNINITIALIZED_AUTOS = YES_AGGRESSIVE;
				GCC_WARN_UNUSED_FUNCTION = YES;
				GCC_WARN_UNUSED_VARIABLE = YES;
				IPHONEOS_DEPLOYMENT_TARGET = 13.0;
				MTL_ENABLE_DEBUG_INFO = INCLUDE_SOURCE;
				MTL_FAST_MATH = YES;
				ONLY_ACTIVE_ARCH = YES;
				SDKROOT = iphoneos;
				SWIFT_ACTIVE_COMPILATION_CONDITIONS = DEBUG;
				SWIFT_OPTIMIZATION_LEVEL = "-Onone";
			};
			name = Debug;
		};
		EA1973CD2A9E3CEB0058117A /* Release */ = {
			isa = XCBuildConfiguration;
			buildSettings = {
				ALWAYS_SEARCH_USER_PATHS = NO;
				CLANG_ANALYZER_NONNULL = YES;
				CLANG_ANALYZER_NUMBER_OBJECT_CONVERSION = YES_AGGRESSIVE;
				CLANG_CXX_LANGUAGE_STANDARD = "gnu++20";
				CLANG_ENABLE_MODULES = YES;
				CLANG_ENABLE_OBJC_ARC = YES;
				CLANG_ENABLE_OBJC_WEAK = YES;
				CLANG_WARN_BLOCK_CAPTURE_AUTORELEASING = YES;
				CLANG_WARN_BOOL_CONVERSION = YES;
				CLANG_WARN_COMMA = YES;
				CLANG_WARN_CONSTANT_CONVERSION = YES;
				CLANG_WARN_DEPRECATED_OBJC_IMPLEMENTATIONS = YES;
				CLANG_WARN_DIRECT_OBJC_ISA_USAGE = YES_ERROR;
				CLANG_WARN_DOCUMENTATION_COMMENTS = YES;
				CLANG_WARN_EMPTY_BODY = YES;
				CLANG_WARN_ENUM_CONVERSION = YES;
				CLANG_WARN_INFINITE_RECURSION = YES;
				CLANG_WARN_INT_CONVERSION = YES;
				CLANG_WARN_NON_LITERAL_NULL_CONVERSION = YES;
				CLANG_WARN_OBJC_IMPLICIT_RETAIN_SELF = YES;
				CLANG_WARN_OBJC_LITERAL_CONVERSION = YES;
				CLANG_WARN_OBJC_ROOT_CLASS = YES_ERROR;
				CLANG_WARN_QUOTED_INCLUDE_IN_FRAMEWORK_HEADER = YES;
				CLANG_WARN_RANGE_LOOP_ANALYSIS = YES;
				CLANG_WARN_STRICT_PROTOTYPES = YES;
				CLANG_WARN_SUSPICIOUS_MOVE = YES;
				CLANG_WARN_UNGUARDED_AVAILABILITY = YES_AGGRESSIVE;
				CLANG_WARN_UNREACHABLE_CODE = YES;
				CLANG_WARN__DUPLICATE_METHOD_MATCH = YES;
				COPY_PHASE_STRIP = NO;
				DEBUG_INFORMATION_FORMAT = "dwarf-with-dsym";
				ENABLE_NS_ASSERTIONS = NO;
				ENABLE_STRICT_OBJC_MSGSEND = YES;
				GCC_C_LANGUAGE_STANDARD = gnu11;
				GCC_NO_COMMON_BLOCKS = YES;
				GCC_WARN_64_TO_32_BIT_CONVERSION = YES;
				GCC_WARN_ABOUT_RETURN_TYPE = YES_ERROR;
				GCC_WARN_UNDECLARED_SELECTOR = YES;
				GCC_WARN_UNINITIALIZED_AUTOS = YES_AGGRESSIVE;
				GCC_WARN_UNUSED_FUNCTION = YES;
				GCC_WARN_UNUSED_VARIABLE = YES;
				IPHONEOS_DEPLOYMENT_TARGET = 13.0;
				MTL_ENABLE_DEBUG_INFO = NO;
				MTL_FAST_MATH = YES;
				SDKROOT = iphoneos;
				SWIFT_COMPILATION_MODE = wholemodule;
				SWIFT_OPTIMIZATION_LEVEL = "-O";
				VALIDATE_PRODUCT = YES;
			};
			name = Release;
		};
		EA1973CF2A9E3CEB0058117A /* Debug */ = {
			isa = XCBuildConfiguration;
			buildSettings = {
				ASSETCATALOG_COMPILER_APPICON_NAME = AppIcon;
				ASSETCATALOG_COMPILER_GLOBAL_ACCENT_COLOR_NAME = AccentColor;
				CODE_SIGN_STYLE = Automatic;
				CURRENT_PROJECT_VERSION = 1;
				DEVELOPMENT_TEAM = U53BLS7M93;
				GENERATE_INFOPLIST_FILE = YES;
				INFOPLIST_FILE = Todo/Info.plist;
				INFOPLIST_KEY_UIApplicationSupportsIndirectInputEvents = YES;
				INFOPLIST_KEY_UILaunchStoryboardName = LaunchScreen;
				INFOPLIST_KEY_UIMainStoryboardFile = Main;
				INFOPLIST_KEY_UISupportedInterfaceOrientations_iPad = "UIInterfaceOrientationPortrait UIInterfaceOrientationPortraitUpsideDown UIInterfaceOrientationLandscapeLeft UIInterfaceOrientationLandscapeRight";
				INFOPLIST_KEY_UISupportedInterfaceOrientations_iPhone = "UIInterfaceOrientationPortrait UIInterfaceOrientationLandscapeLeft UIInterfaceOrientationLandscapeRight";
				IPHONEOS_DEPLOYMENT_TARGET = 13.0;
				LD_RUNPATH_SEARCH_PATHS = (
					"$(inherited)",
					"@executable_path/Frameworks",
				);
				MARKETING_VERSION = 1.0;
				PRODUCT_BUNDLE_IDENTIFIER = study.Todo;
				PRODUCT_NAME = "$(TARGET_NAME)";
				SWIFT_EMIT_LOC_STRINGS = YES;
				SWIFT_VERSION = 5.0;
				TARGETED_DEVICE_FAMILY = "1,2";
			};
			name = Debug;
		};
		EA1973D02A9E3CEB0058117A /* Release */ = {
			isa = XCBuildConfiguration;
			buildSettings = {
				ASSETCATALOG_COMPILER_APPICON_NAME = AppIcon;
				ASSETCATALOG_COMPILER_GLOBAL_ACCENT_COLOR_NAME = AccentColor;
				CODE_SIGN_STYLE = Automatic;
				CURRENT_PROJECT_VERSION = 1;
				DEVELOPMENT_TEAM = U53BLS7M93;
				GENERATE_INFOPLIST_FILE = YES;
				INFOPLIST_FILE = Todo/Info.plist;
				INFOPLIST_KEY_UIApplicationSupportsIndirectInputEvents = YES;
				INFOPLIST_KEY_UILaunchStoryboardName = LaunchScreen;
				INFOPLIST_KEY_UIMainStoryboardFile = Main;
				INFOPLIST_KEY_UISupportedInterfaceOrientations_iPad = "UIInterfaceOrientationPortrait UIInterfaceOrientationPortraitUpsideDown UIInterfaceOrientationLandscapeLeft UIInterfaceOrientationLandscapeRight";
				INFOPLIST_KEY_UISupportedInterfaceOrientations_iPhone = "UIInterfaceOrientationPortrait UIInterfaceOrientationLandscapeLeft UIInterfaceOrientationLandscapeRight";
				IPHONEOS_DEPLOYMENT_TARGET = 13.0;
				LD_RUNPATH_SEARCH_PATHS = (
					"$(inherited)",
					"@executable_path/Frameworks",
				);
				MARKETING_VERSION = 1.0;
				PRODUCT_BUNDLE_IDENTIFIER = study.Todo;
				PRODUCT_NAME = "$(TARGET_NAME)";
				SWIFT_EMIT_LOC_STRINGS = YES;
				SWIFT_VERSION = 5.0;
				TARGETED_DEVICE_FAMILY = "1,2";
			};
			name = Release;
		};
		EA1973D22A9E3CEB0058117A /* Debug */ = {
			isa = XCBuildConfiguration;
			buildSettings = {
				ALWAYS_EMBED_SWIFT_STANDARD_LIBRARIES = YES;
				BUNDLE_LOADER = "$(TEST_HOST)";
				CODE_SIGN_STYLE = Automatic;
				CURRENT_PROJECT_VERSION = 1;
				DEVELOPMENT_TEAM = U53BLS7M93;
				GENERATE_INFOPLIST_FILE = YES;
				IPHONEOS_DEPLOYMENT_TARGET = 16.4;
				MARKETING_VERSION = 1.0;
				PRODUCT_BUNDLE_IDENTIFIER = study.TodoTests;
				PRODUCT_NAME = "$(TARGET_NAME)";
				SWIFT_EMIT_LOC_STRINGS = NO;
				SWIFT_VERSION = 5.0;
				TARGETED_DEVICE_FAMILY = "1,2";
				TEST_HOST = "$(BUILT_PRODUCTS_DIR)/Todo.app/$(BUNDLE_EXECUTABLE_FOLDER_PATH)/Todo";
			};
			name = Debug;
		};
		EA1973D32A9E3CEB0058117A /* Release */ = {
			isa = XCBuildConfiguration;
			buildSettings = {
				ALWAYS_EMBED_SWIFT_STANDARD_LIBRARIES = YES;
				BUNDLE_LOADER = "$(TEST_HOST)";
				CODE_SIGN_STYLE = Automatic;
				CURRENT_PROJECT_VERSION = 1;
				DEVELOPMENT_TEAM = U53BLS7M93;
				GENERATE_INFOPLIST_FILE = YES;
				IPHONEOS_DEPLOYMENT_TARGET = 16.4;
				MARKETING_VERSION = 1.0;
				PRODUCT_BUNDLE_IDENTIFIER = study.TodoTests;
				PRODUCT_NAME = "$(TARGET_NAME)";
				SWIFT_EMIT_LOC_STRINGS = NO;
				SWIFT_VERSION = 5.0;
				TARGETED_DEVICE_FAMILY = "1,2";
				TEST_HOST = "$(BUILT_PRODUCTS_DIR)/Todo.app/$(BUNDLE_EXECUTABLE_FOLDER_PATH)/Todo";
			};
			name = Release;
		};
		EA1973D52A9E3CEB0058117A /* Debug */ = {
			isa = XCBuildConfiguration;
			buildSettings = {
				ALWAYS_EMBED_SWIFT_STANDARD_LIBRARIES = YES;
				CODE_SIGN_STYLE = Automatic;
				CURRENT_PROJECT_VERSION = 1;
				DEVELOPMENT_TEAM = U53BLS7M93;
				GENERATE_INFOPLIST_FILE = YES;
				MARKETING_VERSION = 1.0;
				PRODUCT_BUNDLE_IDENTIFIER = study.TodoUITests;
				PRODUCT_NAME = "$(TARGET_NAME)";
				SWIFT_EMIT_LOC_STRINGS = NO;
				SWIFT_VERSION = 5.0;
				TARGETED_DEVICE_FAMILY = "1,2";
				TEST_TARGET_NAME = Todo;
			};
			name = Debug;
		};
		EA1973D62A9E3CEB0058117A /* Release */ = {
			isa = XCBuildConfiguration;
			buildSettings = {
				ALWAYS_EMBED_SWIFT_STANDARD_LIBRARIES = YES;
				CODE_SIGN_STYLE = Automatic;
				CURRENT_PROJECT_VERSION = 1;
				DEVELOPMENT_TEAM = U53BLS7M93;
				GENERATE_INFOPLIST_FILE = YES;
				MARKETING_VERSION = 1.0;
				PRODUCT_BUNDLE_IDENTIFIER = study.TodoUITests;
				PRODUCT_NAME = "$(TARGET_NAME)";
				SWIFT_EMIT_LOC_STRINGS = NO;
				SWIFT_VERSION = 5.0;
				TARGETED_DEVICE_FAMILY = "1,2";
				TEST_TARGET_NAME = Todo;
			};
			name = Release;
		};
/* End XCBuildConfiguration section */

/* Begin XCConfigurationList section */
		EA19739F2A9E3CE90058117A /* Build configuration list for PBXProject "Todo" */ = {
			isa = XCConfigurationList;
			buildConfigurations = (
				EA1973CC2A9E3CEB0058117A /* Debug */,
				EA1973CD2A9E3CEB0058117A /* Release */,
			);
			defaultConfigurationIsVisible = 0;
			defaultConfigurationName = Release;
		};
		EA1973CE2A9E3CEB0058117A /* Build configuration list for PBXNativeTarget "Todo" */ = {
			isa = XCConfigurationList;
			buildConfigurations = (
				EA1973CF2A9E3CEB0058117A /* Debug */,
				EA1973D02A9E3CEB0058117A /* Release */,
			);
			defaultConfigurationIsVisible = 0;
			defaultConfigurationName = Release;
		};
		EA1973D12A9E3CEB0058117A /* Build configuration list for PBXNativeTarget "TodoTests" */ = {
			isa = XCConfigurationList;
			buildConfigurations = (
				EA1973D22A9E3CEB0058117A /* Debug */,
				EA1973D32A9E3CEB0058117A /* Release */,
			);
			defaultConfigurationIsVisible = 0;
			defaultConfigurationName = Release;
		};
		EA1973D42A9E3CEB0058117A /* Build configuration list for PBXNativeTarget "TodoUITests" */ = {
			isa = XCConfigurationList;
			buildConfigurations = (
				EA1973D52A9E3CEB0058117A /* Debug */,
				EA1973D62A9E3CEB0058117A /* Release */,
			);
			defaultConfigurationIsVisible = 0;
			defaultConfigurationName = Release;
		};
/* End XCConfigurationList section */
	};
	rootObject = EA19739C2A9E3CE90058117A /* Project object */;
}
